
Microsoft Visual Studio Solution File, Format Version 11.00
# Visual Studio 2010
Project("{FAE04EC0-301F-11D3-BF4B-00C04F79EFBC}") = "UniTask", "UniTask.csproj", "{f52c406a-1600-d9d4-8306-967578deb673}"
EndProject
Project("{FAE04EC0-301F-11D3-BF4B-00C04F79EFBC}") = "UniTask.Linq", "UniTask.Linq.csproj", "{4b1b2ac9-77a6-9ea5-cbe4-a1c88c84dbc9}"
EndProject
Project("{FAE04EC0-301F-11D3-BF4B-00C04F79EFBC}") = "GameMain", "GameMain.csproj", "{dc94e657-05ce-16d7-805e-74dfc3666403}"
EndProject
Project("{FAE04EC0-301F-11D3-BF4B-00C04F79EFBC}") = "ModuleTask", "ModuleTask.csproj", "{bd68eeb3-4625-7f3c-6525-441a1e7738dc}"
EndProject
Project("{FAE04EC0-301F-11D3-BF4B-00C04F79EFBC}") = "UniTask.DOTween", "UniTask.DOTween.csproj", "{796f16e3-6a21-283d-735d-497007f46c22}"
EndProject
Project("{FAE04EC0-301F-11D3-BF4B-00C04F79EFBC}") = "Core.Input", "Core.Input.csproj", "{daf5ad3f-bd5b-7a4e-baca-0e006f668f89}"
EndProject
Project("{FAE04EC0-301F-11D3-BF4B-00C04F79EFBC}") = "Module.Worker", "Module.Worker.csproj", "{f9cc8254-9bad-5632-70b8-e953ed383c59}"
EndProject
Project("{FAE04EC0-301F-11D3-BF4B-00C04F79EFBC}") = "UniTask.TextMeshPro", "UniTask.TextMeshPro.csproj", "{2637cd58-91e6-b690-8d6a-8daf7cdc23e4}"
EndProject
Project("{FAE04EC0-301F-11D3-BF4B-00C04F79EFBC}") = "Core.Utility", "Core.Utility.csproj", "{d2e0865b-657b-42a9-c964-7ce50668b0f1}"
EndProject
Project("{FAE04EC0-301F-11D3-BF4B-00C04F79EFBC}") = "parameter.code.generator", "parameter.code.generator.csproj", "{9c591222-ec33-36a9-9e98-7a93a678d591}"
EndProject
Project("{FAE04EC0-301F-11D3-BF4B-00C04F79EFBC}") = "UniTask.Addressables", "UniTask.Addressables.csproj", "{04157680-1cd3-58b2-47d0-72d1beaccc9f}"
EndProject
Project("{FAE04EC0-301F-11D3-BF4B-00C04F79EFBC}") = "Core.Parameter", "Core.Parameter.csproj", "{92bb72c2-ea4b-5ac1-66d4-2589d6f686b9}"
EndProject
Project("{FAE04EC0-301F-11D3-BF4B-00C04F79EFBC}") = "Module.Player", "Module.Player.csproj", "{0d0ed36f-2ce2-075a-a724-3b9c7f79fe3a}"
EndProject
Project("{FAE04EC0-301F-11D3-BF4B-00C04F79EFBC}") = "Core.Model", "Core.Model.csproj", "{0abc4ba9-3185-2298-7f31-1306d9009a99}"
EndProject
Project("{FAE04EC0-301F-11D3-BF4B-00C04F79EFBC}") = "UniTask.Editor", "UniTask.Editor.csproj", "{1a73e106-6bec-269a-1b20-6c623476a6d0}"
EndProject
Project("{FAE04EC0-301F-11D3-BF4B-00C04F79EFBC}") = "Editor", "Editor.csproj", "{3069f44f-eca6-96a7-7477-31489fde0c97}"
EndProject
Project("{FAE04EC0-301F-11D3-BF4B-00C04F79EFBC}") = "Assembly-CSharp", "Assembly-CSharp.csproj", "{30daff4c-630e-9e03-0dca-dac117ce2649}"
EndProject
Project("{FAE04EC0-301F-11D3-BF4B-00C04F79EFBC}") = "Assembly-CSharp-firstpass", "Assembly-CSharp-firstpass.csproj", "{40db3ce5-f91d-618a-5878-81243afdf805}"
EndProject
Global
	GlobalSection(SolutionConfigurationPlatforms) = preSolution
		Debug|Any CPU = Debug|Any CPU
	EndGlobalSection
	GlobalSection(ProjectConfigurationPlatforms) = postSolution
		{f52c406a-1600-d9d4-8306-967578deb673}.Debug|Any CPU.ActiveCfg = Debug|Any CPU
		{f52c406a-1600-d9d4-8306-967578deb673}.Debug|Any CPU.Build.0 = Debug|Any CPU
		{4b1b2ac9-77a6-9ea5-cbe4-a1c88c84dbc9}.Debug|Any CPU.ActiveCfg = Debug|Any CPU
		{4b1b2ac9-77a6-9ea5-cbe4-a1c88c84dbc9}.Debug|Any CPU.Build.0 = Debug|Any CPU
		{dc94e657-05ce-16d7-805e-74dfc3666403}.Debug|Any CPU.ActiveCfg = Debug|Any CPU
		{dc94e657-05ce-16d7-805e-74dfc3666403}.Debug|Any CPU.Build.0 = Debug|Any CPU
		{bd68eeb3-4625-7f3c-6525-441a1e7738dc}.Debug|Any CPU.ActiveCfg = Debug|Any CPU
		{bd68eeb3-4625-7f3c-6525-441a1e7738dc}.Debug|Any CPU.Build.0 = Debug|Any CPU
		{796f16e3-6a21-283d-735d-497007f46c22}.Debug|Any CPU.ActiveCfg = Debug|Any CPU
		{796f16e3-6a21-283d-735d-497007f46c22}.Debug|Any CPU.Build.0 = Debug|Any CPU
		{daf5ad3f-bd5b-7a4e-baca-0e006f668f89}.Debug|Any CPU.ActiveCfg = Debug|Any CPU
		{daf5ad3f-bd5b-7a4e-baca-0e006f668f89}.Debug|Any CPU.Build.0 = Debug|Any CPU
		{f9cc8254-9bad-5632-70b8-e953ed383c59}.Debug|Any CPU.ActiveCfg = Debug|Any CPU
		{f9cc8254-9bad-5632-70b8-e953ed383c59}.Debug|Any CPU.Build.0 = Debug|Any CPU
		{2637cd58-91e6-b690-8d6a-8daf7cdc23e4}.Debug|Any CPU.ActiveCfg = Debug|Any CPU
		{2637cd58-91e6-b690-8d6a-8daf7cdc23e4}.Debug|Any CPU.Build.0 = Debug|Any CPU
		{d2e0865b-657b-42a9-c964-7ce50668b0f1}.Debug|Any CPU.ActiveCfg = Debug|Any CPU
		{d2e0865b-657b-42a9-c964-7ce50668b0f1}.Debug|Any CPU.Build.0 = Debug|Any CPU
		{9c591222-ec33-36a9-9e98-7a93a678d591}.Debug|Any CPU.ActiveCfg = Debug|Any CPU
		{9c591222-ec33-36a9-9e98-7a93a678d591}.Debug|Any CPU.Build.0 = Debug|Any CPU
		{04157680-1cd3-58b2-47d0-72d1beaccc9f}.Debug|Any CPU.ActiveCfg = Debug|Any CPU
		{04157680-1cd3-58b2-47d0-72d1beaccc9f}.Debug|Any CPU.Build.0 = Debug|Any CPU
		{92bb72c2-ea4b-5ac1-66d4-2589d6f686b9}.Debug|Any CPU.ActiveCfg = Debug|Any CPU
		{92bb72c2-ea4b-5ac1-66d4-2589d6f686b9}.Debug|Any CPU.Build.0 = Debug|Any CPU
		{0d0ed36f-2ce2-075a-a724-3b9c7f79fe3a}.Debug|Any CPU.ActiveCfg = Debug|Any CPU
		{0d0ed36f-2ce2-075a-a724-3b9c7f79fe3a}.Debug|Any CPU.Build.0 = Debug|Any CPU
		{0abc4ba9-3185-2298-7f31-1306d9009a99}.Debug|Any CPU.ActiveCfg = Debug|Any CPU
		{0abc4ba9-3185-2298-7f31-1306d9009a99}.Debug|Any CPU.Build.0 = Debug|Any CPU
		{1a73e106-6bec-269a-1b20-6c623476a6d0}.Debug|Any CPU.ActiveCfg = Debug|Any CPU
		{1a73e106-6bec-269a-1b20-6c623476a6d0}.Debug|Any CPU.Build.0 = Debug|Any CPU
		{3069f44f-eca6-96a7-7477-31489fde0c97}.Debug|Any CPU.ActiveCfg = Debug|Any CPU
		{3069f44f-eca6-96a7-7477-31489fde0c97}.Debug|Any CPU.Build.0 = Debug|Any CPU
		{30daff4c-630e-9e03-0dca-dac117ce2649}.Debug|Any CPU.ActiveCfg = Debug|Any CPU
		{30daff4c-630e-9e03-0dca-dac117ce2649}.Debug|Any CPU.Build.0 = Debug|Any CPU
		{40db3ce5-f91d-618a-5878-81243afdf805}.Debug|Any CPU.ActiveCfg = Debug|Any CPU
		{40db3ce5-f91d-618a-5878-81243afdf805}.Debug|Any CPU.Build.0 = Debug|Any CPU
	EndGlobalSection
	GlobalSection(SolutionProperties) = preSolution
		HideSolutionNode = FALSE
	EndGlobalSection
EndGlobal
