
Microsoft Visual Studio Solution File, Format Version 11.00
# Visual Studio 2010
Project("{FAE04EC0-301F-11D3-BF4B-00C04F79EFBC}") = "UnityEngine.TestRunner", "UnityEngine.TestRunner.csproj", "{01462a15-e215-fe58-146e-a36c38c36fab}"
EndProject
Project("{FAE04EC0-301F-11D3-BF4B-00C04F79EFBC}") = "UniTask", "UniTask.csproj", "{f52c406a-1600-d9d4-8306-967578deb673}"
EndProject
Project("{FAE04EC0-301F-11D3-BF4B-00C04F79EFBC}") = "Unity.InputSystem", "Unity.InputSystem.csproj", "{4e57be16-99a5-d0e9-6d23-a67bf0e20903}"
EndProject
Project("{FAE04EC0-301F-11D3-BF4B-00C04F79EFBC}") = "Unity.VisualScripting.State", "Unity.VisualScripting.State.csproj", "{b04d0824-dff7-9370-1bcf-383b4738010d}"
EndProject
Project("{FAE04EC0-301F-11D3-BF4B-00C04F79EFBC}") = "Unity.Postprocessing.Runtime", "Unity.Postprocessing.Runtime.csproj", "{c2ea35a8-d452-6544-824b-2ef8d59fb8a9}"
EndProject
Project("{FAE04EC0-301F-11D3-BF4B-00C04F79EFBC}") = "Unity.VisualScripting.Flow", "Unity.VisualScripting.Flow.csproj", "{59882bb8-ffcf-dcd2-ad3f-0bf06da233c0}"
EndProject
Project("{FAE04EC0-301F-11D3-BF4B-00C04F79EFBC}") = "UniTask.Linq", "UniTask.Linq.csproj", "{4b1b2ac9-77a6-9ea5-cbe4-a1c88c84dbc9}"
EndProject
Project("{FAE04EC0-301F-11D3-BF4B-00C04F79EFBC}") = "Unity.VisualScripting.Core", "Unity.VisualScripting.Core.csproj", "{a9b64fb2-db90-0287-204e-f2aa4bc65071}"
EndProject
Project("{FAE04EC0-301F-11D3-BF4B-00C04F79EFBC}") = "Unity.TextMeshPro", "Unity.TextMeshPro.csproj", "{1cc858fa-215b-6022-8008-3183c9d4d3c9}"
EndProject
Project("{FAE04EC0-301F-11D3-BF4B-00C04F79EFBC}") = "Unity.Burst", "Unity.Burst.csproj", "{03b62124-33ac-59c5-2b68-773be4873e09}"
EndProject
Project("{FAE04EC0-301F-11D3-BF4B-00C04F79EFBC}") = "Module.Player", "Module.Player.csproj", "{0d0ed36f-2ce2-075a-a724-3b9c7f79fe3a}"
EndProject
Project("{FAE04EC0-301F-11D3-BF4B-00C04F79EFBC}") = "Unity.Collections", "Unity.Collections.csproj", "{f951224d-5272-b3aa-617b-b76badd414f9}"
EndProject
Project("{FAE04EC0-301F-11D3-BF4B-00C04F79EFBC}") = "Unity.Timeline", "Unity.Timeline.csproj", "{e0a45e22-183f-dc97-8332-cbd99ee406ac}"
EndProject
Project("{FAE04EC0-301F-11D3-BF4B-00C04F79EFBC}") = "GameMain", "GameMain.csproj", "{dc94e657-05ce-16d7-805e-74dfc3666403}"
EndProject
Project("{FAE04EC0-301F-11D3-BF4B-00C04F79EFBC}") = "Unity.Mathematics", "Unity.Mathematics.csproj", "{e8267927-4196-6292-7814-a724023324dc}"
EndProject
Project("{FAE04EC0-301F-11D3-BF4B-00C04F79EFBC}") = "Module.Task", "Module.Task.csproj", "{37cc3fda-e498-5f92-836d-5b9b39bd7f38}"
EndProject
Project("{FAE04EC0-301F-11D3-BF4B-00C04F79EFBC}") = "UniTask.DOTween", "UniTask.DOTween.csproj", "{796f16e3-6a21-283d-735d-497007f46c22}"
EndProject
Project("{FAE04EC0-301F-11D3-BF4B-00C04F79EFBC}") = "NavMeshComponentsTestsPlaymode", "NavMeshComponentsTestsPlaymode.csproj", "{b0c5070c-70b4-f497-935b-7a8019a9b256}"
EndProject
Project("{FAE04EC0-301F-11D3-BF4B-00C04F79EFBC}") = "Core.Input", "Core.Input.csproj", "{daf5ad3f-bd5b-7a4e-baca-0e006f668f89}"
EndProject
Project("{FAE04EC0-301F-11D3-BF4B-00C04F79EFBC}") = "GameProgress", "GameProgress.csproj", "{af8d3d26-b969-83a9-5c20-557e066d127a}"
EndProject
Project("{FAE04EC0-301F-11D3-BF4B-00C04F79EFBC}") = "Module.Assignment", "Module.Assignment.csproj", "{bb608473-37c4-48dd-696b-81e706a01199}"
EndProject
Project("{FAE04EC0-301F-11D3-BF4B-00C04F79EFBC}") = "Core.Utility", "Core.Utility.csproj", "{d2e0865b-657b-42a9-c964-7ce50668b0f1}"
EndProject
Project("{FAE04EC0-301F-11D3-BF4B-00C04F79EFBC}") = "UI", "UI.csproj", "{1336f67e-7b3d-0b9f-6f78-61c92a6b5411}"
EndProject
Project("{FAE04EC0-301F-11D3-BF4B-00C04F79EFBC}") = "Module.Worker", "Module.Worker.csproj", "{f9cc8254-9bad-5632-70b8-e953ed383c59}"
EndProject
Project("{FAE04EC0-301F-11D3-BF4B-00C04F79EFBC}") = "Core.NavMesh", "Core.NavMesh.csproj", "{948b7307-f782-3824-5ede-b9c5f045d86e}"
EndProject
Project("{FAE04EC0-301F-11D3-BF4B-00C04F79EFBC}") = "com.matuyuhi.animationpro.RunTime", "com.matuyuhi.animationpro.RunTime.csproj", "{32f6725d-0666-2b99-675d-24a852b6426b}"
EndProject
Project("{FAE04EC0-301F-11D3-BF4B-00C04F79EFBC}") = "parameter.code.generator", "parameter.code.generator.csproj", "{9c591222-ec33-36a9-9e98-7a93a678d591}"
EndProject
Project("{FAE04EC0-301F-11D3-BF4B-00C04F79EFBC}") = "Core.Model", "Core.Model.csproj", "{0abc4ba9-3185-2298-7f31-1306d9009a99}"
EndProject
Project("{FAE04EC0-301F-11D3-BF4B-00C04F79EFBC}") = "NavMeshComponents", "NavMeshComponents.csproj", "{91ac160c-348f-9345-4a88-353b27989f40}"
EndProject
Project("{FAE04EC0-301F-11D3-BF4B-00C04F79EFBC}") = "Debug", "Debug.csproj", "{2b22d314-e4d8-c631-7e91-6361e17007ac}"
EndProject
Project("{FAE04EC0-301F-11D3-BF4B-00C04F79EFBC}") = "Unity.Jobs", "Unity.Jobs.csproj", "{5506a859-f592-dd8f-e185-9b9040bc88a7}"
EndProject
Project("{FAE04EC0-301F-11D3-BF4B-00C04F79EFBC}") = "UniTask.Addressables", "UniTask.Addressables.csproj", "{04157680-1cd3-58b2-47d0-72d1beaccc9f}"
EndProject
Project("{FAE04EC0-301F-11D3-BF4B-00C04F79EFBC}") = "Core.Parameter", "Core.Parameter.csproj", "{92bb72c2-ea4b-5ac1-66d4-2589d6f686b9}"
EndProject
Project("{FAE04EC0-301F-11D3-BF4B-00C04F79EFBC}") = "Unity.InputSystem.TestFramework", "Unity.InputSystem.TestFramework.csproj", "{5ca1efc4-1a45-c958-4e7a-2bb50ea1fd7f}"
EndProject
Project("{FAE04EC0-301F-11D3-BF4B-00C04F79EFBC}") = "UniTask.TextMeshPro", "UniTask.TextMeshPro.csproj", "{2637cd58-91e6-b690-8d6a-8daf7cdc23e4}"
EndProject
Project("{FAE04EC0-301F-11D3-BF4B-00C04F79EFBC}") = "com.matuyuhi.animationpro.Component", "com.matuyuhi.animationpro.Component.csproj", "{25f731a9-c0ac-0533-d093-f490377576a2}"
EndProject
Project("{FAE04EC0-301F-11D3-BF4B-00C04F79EFBC}") = "Unity.PlasticSCM.Editor", "Unity.PlasticSCM.Editor.csproj", "{6df3136c-bdf0-a23b-c196-37328a495e6c}"
EndProject
Project("{FAE04EC0-301F-11D3-BF4B-00C04F79EFBC}") = "Unity.VisualScripting.Core.Editor", "Unity.VisualScripting.Core.Editor.csproj", "{45ae0c16-f2ba-9cda-23d7-9a1a7c3f12d0}"
EndProject
Project("{FAE04EC0-301F-11D3-BF4B-00C04F79EFBC}") = "Unity.Timeline.Editor", "Unity.Timeline.Editor.csproj", "{405ba45a-e6cd-bea2-54c6-5fa0b089de4d}"
EndProject
Project("{FAE04EC0-301F-11D3-BF4B-00C04F79EFBC}") = "Unity.TextMeshPro.Editor", "Unity.TextMeshPro.Editor.csproj", "{b78fff9d-68d0-c248-f4b9-110285db90cf}"
EndProject
Project("{FAE04EC0-301F-11D3-BF4B-00C04F79EFBC}") = "Unity.VisualScripting.SettingsProvider.Editor", "Unity.VisualScripting.SettingsProvider.Editor.csproj", "{5128503a-e53d-1ce4-7c00-db84c290f28c}"
EndProject
Project("{FAE04EC0-301F-11D3-BF4B-00C04F79EFBC}") = "UnityEditor.TestRunner", "UnityEditor.TestRunner.csproj", "{8dad4248-5b37-d70f-28de-84aa818f6990}"
EndProject
Project("{FAE04EC0-301F-11D3-BF4B-00C04F79EFBC}") = "Unity.VisualScripting.Flow.Editor", "Unity.VisualScripting.Flow.Editor.csproj", "{05c452b0-c666-2f4e-d407-d6cfe9cdc589}"
EndProject
Project("{FAE04EC0-301F-11D3-BF4B-00C04F79EFBC}") = "Unity.Rider.Editor", "Unity.Rider.Editor.csproj", "{318a80aa-86ad-ae86-5448-72c7239f5f6a}"
EndProject
Project("{FAE04EC0-301F-11D3-BF4B-00C04F79EFBC}") = "Unity.Postprocessing.Editor", "Unity.Postprocessing.Editor.csproj", "{6b96adb3-3b24-aee4-22f8-57d3ff655495}"
EndProject
Project("{FAE04EC0-301F-11D3-BF4B-00C04F79EFBC}") = "Unity.Collections.Editor", "Unity.Collections.Editor.csproj", "{f5270f01-e2a1-d6b6-e481-bed3765af546}"
EndProject
Project("{FAE04EC0-301F-11D3-BF4B-00C04F79EFBC}") = "Unity.Burst.CodeGen", "Unity.Burst.CodeGen.csproj", "{193eb312-25e6-96e1-8b3c-3fd21aea9c6f}"
EndProject
Project("{FAE04EC0-301F-11D3-BF4B-00C04F79EFBC}") = "Unity.VSCode.Editor", "Unity.VSCode.Editor.csproj", "{34ca1fad-269d-7a38-f02e-c7c9043f1e10}"
EndProject
Project("{FAE04EC0-301F-11D3-BF4B-00C04F79EFBC}") = "Unity.VisualStudio.Editor", "Unity.VisualStudio.Editor.csproj", "{c53eb0ca-a9b2-1a11-3736-c269b1fc8975}"
EndProject
Project("{FAE04EC0-301F-11D3-BF4B-00C04F79EFBC}") = "Unity.CollabProxy.Editor", "Unity.CollabProxy.Editor.csproj", "{b192b23c-2127-33b9-ffc9-7a42a8c82e0d}"
EndProject
Project("{FAE04EC0-301F-11D3-BF4B-00C04F79EFBC}") = "Unity.VisualScripting.State.Editor", "Unity.VisualScripting.State.Editor.csproj", "{e0b2503e-a690-bb4a-a25c-a995d0daefd8}"
EndProject
Project("{FAE04EC0-301F-11D3-BF4B-00C04F79EFBC}") = "Unity.Searcher.Editor", "Unity.Searcher.Editor.csproj", "{3d784a5c-7d6d-0d8c-6e8f-3d969ccd8433}"
EndProject
Project("{FAE04EC0-301F-11D3-BF4B-00C04F79EFBC}") = "Unity.Burst.Editor", "Unity.Burst.Editor.csproj", "{8fee889b-4769-4248-f8e7-c08fb9eb1120}"
EndProject
Project("{FAE04EC0-301F-11D3-BF4B-00C04F79EFBC}") = "Unity.Collections.CodeGen", "Unity.Collections.CodeGen.csproj", "{a3e56a6e-f90d-bc95-0fbf-c801aca68d94}"
EndProject
Project("{FAE04EC0-301F-11D3-BF4B-00C04F79EFBC}") = "UniTask.Editor", "UniTask.Editor.csproj", "{1a73e106-6bec-269a-1b20-6c623476a6d0}"
EndProject
Project("{FAE04EC0-301F-11D3-BF4B-00C04F79EFBC}") = "NavMeshComponentsTestsEditmode", "NavMeshComponentsTestsEditmode.csproj", "{db60e173-99af-a69c-e809-fba821ec3781}"
EndProject
Project("{FAE04EC0-301F-11D3-BF4B-00C04F79EFBC}") = "Unity.Mathematics.Editor", "Unity.Mathematics.Editor.csproj", "{b8a6df9b-c7d1-7478-5ac5-1c9da302a0f2}"
EndProject
Project("{FAE04EC0-301F-11D3-BF4B-00C04F79EFBC}") = "Editor", "Editor.csproj", "{3069f44f-eca6-96a7-7477-31489fde0c97}"
EndProject
Project("{FAE04EC0-301F-11D3-BF4B-00C04F79EFBC}") = "NavMeshComponentsEditor", "NavMeshComponentsEditor.csproj", "{6ae1188c-480c-2b04-0285-a0632cb556d4}"
EndProject
Project("{FAE04EC0-301F-11D3-BF4B-00C04F79EFBC}") = "Unity.EditorCoroutines.Editor", "Unity.EditorCoroutines.Editor.csproj", "{e7acd304-43d7-3ae5-0d84-52e5513888f6}"
EndProject
Project("{FAE04EC0-301F-11D3-BF4B-00C04F79EFBC}") = "Unity.Collections.DocCodeSamples", "Unity.Collections.DocCodeSamples.csproj", "{6969022b-81f6-151e-5ce3-341f4cdf7c40}"
EndProject
Project("{FAE04EC0-301F-11D3-BF4B-00C04F79EFBC}") = "Unity.VisualScripting.Shared.Editor", "Unity.VisualScripting.Shared.Editor.csproj", "{85e1b4bf-b3c5-baf0-a9ed-8f4c7101fb58}"
EndProject
Project("{FAE04EC0-301F-11D3-BF4B-00C04F79EFBC}") = "Unity.Collections.BurstCompatibilityGen", "Unity.Collections.BurstCompatibilityGen.csproj", "{e255b60f-51dc-7cc4-7932-9b24bea8552f}"
EndProject
Project("{FAE04EC0-301F-11D3-BF4B-00C04F79EFBC}") = "Unity.Jobs.CodeGen", "Unity.Jobs.CodeGen.csproj", "{5f92a143-075a-026d-a9d8-e62b1d272056}"
EndProject
Project("{FAE04EC0-301F-11D3-BF4B-00C04F79EFBC}") = "Assembly-CSharp", "Assembly-CSharp.csproj", "{30daff4c-630e-9e03-0dca-dac117ce2649}"
EndProject
Project("{FAE04EC0-301F-11D3-BF4B-00C04F79EFBC}") = "Unity.Burst.Tests.UnitTests", "Unity.Burst.Tests.UnitTests.csproj", "{51c7edee-6c1f-5b81-0e50-4c9071c7c2e0}"
EndProject
Project("{FAE04EC0-301F-11D3-BF4B-00C04F79EFBC}") = "Unity.Collections.Tests", "Unity.Collections.Tests.csproj", "{2ee4a494-eb6f-96b4-4df4-28deb1e9becc}"
EndProject
Project("{FAE04EC0-301F-11D3-BF4B-00C04F79EFBC}") = "Assembly-CSharp-firstpass", "Assembly-CSharp-firstpass.csproj", "{40db3ce5-f91d-618a-5878-81243afdf805}"
EndProject
Project("{FAE04EC0-301F-11D3-BF4B-00C04F79EFBC}") = "Unity.Mathematics.Tests", "Unity.Mathematics.Tests.csproj", "{6ed79c90-7bdd-7e69-5b82-ab2bfdc8ebab}"
EndProject
Project("{FAE04EC0-301F-11D3-BF4B-00C04F79EFBC}") = "Unity.TextMeshPro.Tests", "Unity.TextMeshPro.Tests.csproj", "{c97b679c-d3ba-1c75-a104-8a3371317ca8}"
EndProject
Project("{FAE04EC0-301F-11D3-BF4B-00C04F79EFBC}") = "Unity.Burst.Editor.Tests", "Unity.Burst.Editor.Tests.csproj", "{cbb421d2-380a-bf22-fb58-dc3e455c2262}"
EndProject
Project("{FAE04EC0-301F-11D3-BF4B-00C04F79EFBC}") = "Unity.Searcher.EditorTests", "Unity.Searcher.EditorTests.csproj", "{0d22aee0-6761-5566-f1a1-47f50037369c}"
EndProject
Project("{FAE04EC0-301F-11D3-BF4B-00C04F79EFBC}") = "Unity.Postprocessing.Editor.Tests", "Unity.Postprocessing.Editor.Tests.csproj", "{876227bf-bea0-4ebc-c90b-32474909f373}"
EndProject
Project("{FAE04EC0-301F-11D3-BF4B-00C04F79EFBC}") = "DocCodeExamples", "DocCodeExamples.csproj", "{258e97d4-5b63-32d3-e87a-3dd3474acdf8}"
EndProject
Project("{FAE04EC0-301F-11D3-BF4B-00C04F79EFBC}") = "Unity.Postprocessing.Runtime.Tests", "Unity.Postprocessing.Runtime.Tests.csproj", "{2915282e-00e0-1f1c-ac8e-f17293af93f8}"
EndProject
Project("{FAE04EC0-301F-11D3-BF4B-00C04F79EFBC}") = "Unity.Nuget.Mono-Cecil", "Unity.Nuget.Mono-Cecil.csproj", "{bbb16937-6402-b1a7-6590-3af258607efc}"
EndProject
Project("{FAE04EC0-301F-11D3-BF4B-00C04F79EFBC}") = "Unity.TextMeshPro.Editor.Tests", "Unity.TextMeshPro.Editor.Tests.csproj", "{0f9e0ed1-8797-45d0-6e9d-65249ef27913}"
EndProject
Project("{FAE04EC0-301F-11D3-BF4B-00C04F79EFBC}") = "Unity.InputSystem.IntegrationTests", "Unity.InputSystem.IntegrationTests.csproj", "{df9045f6-0ad8-0c79-d11f-e4cd9699154b}"
EndProject
Project("{FAE04EC0-301F-11D3-BF4B-00C04F79EFBC}") = "Unity.Jobs.Tests", "Unity.Jobs.Tests.csproj", "{bade7985-af1c-4793-392d-0661ad5074b5}"
EndProject
Project("{FAE04EC0-301F-11D3-BF4B-00C04F79EFBC}") = "com.matuyuhi.animationpro.DocCode", "com.matuyuhi.animationpro.DocCode.csproj", "{ebd909e8-d316-a6b4-631b-53e414e91a7f}"
EndProject
Project("{FAE04EC0-301F-11D3-BF4B-00C04F79EFBC}") = "Unity.Collections.Tests.Playmode", "Unity.Collections.Tests.Playmode.csproj", "{bb7efa8a-093c-581d-fcd3-e4667db91baf}"
EndProject
Project("{FAE04EC0-301F-11D3-BF4B-00C04F79EFBC}") = "SeparateAssembly", "SeparateAssembly.csproj", "{7d456335-ad6c-6697-0b22-4cfee2334ddd}"
EndProject
Global
	GlobalSection(SolutionConfigurationPlatforms) = preSolution
		Debug|Any CPU = Debug|Any CPU
	EndGlobalSection
	GlobalSection(ProjectConfigurationPlatforms) = postSolution
		{01462a15-e215-fe58-146e-a36c38c36fab}.Debug|Any CPU.ActiveCfg = Debug|Any CPU
		{01462a15-e215-fe58-146e-a36c38c36fab}.Debug|Any CPU.Build.0 = Debug|Any CPU
		{f52c406a-1600-d9d4-8306-967578deb673}.Debug|Any CPU.ActiveCfg = Debug|Any CPU
		{f52c406a-1600-d9d4-8306-967578deb673}.Debug|Any CPU.Build.0 = Debug|Any CPU
		{4e57be16-99a5-d0e9-6d23-a67bf0e20903}.Debug|Any CPU.ActiveCfg = Debug|Any CPU
		{4e57be16-99a5-d0e9-6d23-a67bf0e20903}.Debug|Any CPU.Build.0 = Debug|Any CPU
		{b04d0824-dff7-9370-1bcf-383b4738010d}.Debug|Any CPU.ActiveCfg = Debug|Any CPU
		{b04d0824-dff7-9370-1bcf-383b4738010d}.Debug|Any CPU.Build.0 = Debug|Any CPU
		{c2ea35a8-d452-6544-824b-2ef8d59fb8a9}.Debug|Any CPU.ActiveCfg = Debug|Any CPU
		{c2ea35a8-d452-6544-824b-2ef8d59fb8a9}.Debug|Any CPU.Build.0 = Debug|Any CPU
		{59882bb8-ffcf-dcd2-ad3f-0bf06da233c0}.Debug|Any CPU.ActiveCfg = Debug|Any CPU
		{59882bb8-ffcf-dcd2-ad3f-0bf06da233c0}.Debug|Any CPU.Build.0 = Debug|Any CPU
		{4b1b2ac9-77a6-9ea5-cbe4-a1c88c84dbc9}.Debug|Any CPU.ActiveCfg = Debug|Any CPU
		{4b1b2ac9-77a6-9ea5-cbe4-a1c88c84dbc9}.Debug|Any CPU.Build.0 = Debug|Any CPU
		{a9b64fb2-db90-0287-204e-f2aa4bc65071}.Debug|Any CPU.ActiveCfg = Debug|Any CPU
		{a9b64fb2-db90-0287-204e-f2aa4bc65071}.Debug|Any CPU.Build.0 = Debug|Any CPU
		{1cc858fa-215b-6022-8008-3183c9d4d3c9}.Debug|Any CPU.ActiveCfg = Debug|Any CPU
		{1cc858fa-215b-6022-8008-3183c9d4d3c9}.Debug|Any CPU.Build.0 = Debug|Any CPU
		{03b62124-33ac-59c5-2b68-773be4873e09}.Debug|Any CPU.ActiveCfg = Debug|Any CPU
		{03b62124-33ac-59c5-2b68-773be4873e09}.Debug|Any CPU.Build.0 = Debug|Any CPU
		{0d0ed36f-2ce2-075a-a724-3b9c7f79fe3a}.Debug|Any CPU.ActiveCfg = Debug|Any CPU
		{0d0ed36f-2ce2-075a-a724-3b9c7f79fe3a}.Debug|Any CPU.Build.0 = Debug|Any CPU
		{f951224d-5272-b3aa-617b-b76badd414f9}.Debug|Any CPU.ActiveCfg = Debug|Any CPU
		{f951224d-5272-b3aa-617b-b76badd414f9}.Debug|Any CPU.Build.0 = Debug|Any CPU
		{e0a45e22-183f-dc97-8332-cbd99ee406ac}.Debug|Any CPU.ActiveCfg = Debug|Any CPU
		{e0a45e22-183f-dc97-8332-cbd99ee406ac}.Debug|Any CPU.Build.0 = Debug|Any CPU
		{dc94e657-05ce-16d7-805e-74dfc3666403}.Debug|Any CPU.ActiveCfg = Debug|Any CPU
		{dc94e657-05ce-16d7-805e-74dfc3666403}.Debug|Any CPU.Build.0 = Debug|Any CPU
		{e8267927-4196-6292-7814-a724023324dc}.Debug|Any CPU.ActiveCfg = Debug|Any CPU
		{e8267927-4196-6292-7814-a724023324dc}.Debug|Any CPU.Build.0 = Debug|Any CPU
		{37cc3fda-e498-5f92-836d-5b9b39bd7f38}.Debug|Any CPU.ActiveCfg = Debug|Any CPU
		{37cc3fda-e498-5f92-836d-5b9b39bd7f38}.Debug|Any CPU.Build.0 = Debug|Any CPU
		{796f16e3-6a21-283d-735d-497007f46c22}.Debug|Any CPU.ActiveCfg = Debug|Any CPU
		{796f16e3-6a21-283d-735d-497007f46c22}.Debug|Any CPU.Build.0 = Debug|Any CPU
		{b0c5070c-70b4-f497-935b-7a8019a9b256}.Debug|Any CPU.ActiveCfg = Debug|Any CPU
		{b0c5070c-70b4-f497-935b-7a8019a9b256}.Debug|Any CPU.Build.0 = Debug|Any CPU
		{daf5ad3f-bd5b-7a4e-baca-0e006f668f89}.Debug|Any CPU.ActiveCfg = Debug|Any CPU
		{daf5ad3f-bd5b-7a4e-baca-0e006f668f89}.Debug|Any CPU.Build.0 = Debug|Any CPU
		{af8d3d26-b969-83a9-5c20-557e066d127a}.Debug|Any CPU.ActiveCfg = Debug|Any CPU
		{af8d3d26-b969-83a9-5c20-557e066d127a}.Debug|Any CPU.Build.0 = Debug|Any CPU
		{bb608473-37c4-48dd-696b-81e706a01199}.Debug|Any CPU.ActiveCfg = Debug|Any CPU
		{bb608473-37c4-48dd-696b-81e706a01199}.Debug|Any CPU.Build.0 = Debug|Any CPU
		{d2e0865b-657b-42a9-c964-7ce50668b0f1}.Debug|Any CPU.ActiveCfg = Debug|Any CPU
		{d2e0865b-657b-42a9-c964-7ce50668b0f1}.Debug|Any CPU.Build.0 = Debug|Any CPU
		{1336f67e-7b3d-0b9f-6f78-61c92a6b5411}.Debug|Any CPU.ActiveCfg = Debug|Any CPU
		{1336f67e-7b3d-0b9f-6f78-61c92a6b5411}.Debug|Any CPU.Build.0 = Debug|Any CPU
		{f9cc8254-9bad-5632-70b8-e953ed383c59}.Debug|Any CPU.ActiveCfg = Debug|Any CPU
		{f9cc8254-9bad-5632-70b8-e953ed383c59}.Debug|Any CPU.Build.0 = Debug|Any CPU
		{948b7307-f782-3824-5ede-b9c5f045d86e}.Debug|Any CPU.ActiveCfg = Debug|Any CPU
		{948b7307-f782-3824-5ede-b9c5f045d86e}.Debug|Any CPU.Build.0 = Debug|Any CPU
		{32f6725d-0666-2b99-675d-24a852b6426b}.Debug|Any CPU.ActiveCfg = Debug|Any CPU
		{32f6725d-0666-2b99-675d-24a852b6426b}.Debug|Any CPU.Build.0 = Debug|Any CPU
		{9c591222-ec33-36a9-9e98-7a93a678d591}.Debug|Any CPU.ActiveCfg = Debug|Any CPU
		{9c591222-ec33-36a9-9e98-7a93a678d591}.Debug|Any CPU.Build.0 = Debug|Any CPU
		{0abc4ba9-3185-2298-7f31-1306d9009a99}.Debug|Any CPU.ActiveCfg = Debug|Any CPU
		{0abc4ba9-3185-2298-7f31-1306d9009a99}.Debug|Any CPU.Build.0 = Debug|Any CPU
		{91ac160c-348f-9345-4a88-353b27989f40}.Debug|Any CPU.ActiveCfg = Debug|Any CPU
		{91ac160c-348f-9345-4a88-353b27989f40}.Debug|Any CPU.Build.0 = Debug|Any CPU
		{2b22d314-e4d8-c631-7e91-6361e17007ac}.Debug|Any CPU.ActiveCfg = Debug|Any CPU
		{2b22d314-e4d8-c631-7e91-6361e17007ac}.Debug|Any CPU.Build.0 = Debug|Any CPU
		{5506a859-f592-dd8f-e185-9b9040bc88a7}.Debug|Any CPU.ActiveCfg = Debug|Any CPU
		{5506a859-f592-dd8f-e185-9b9040bc88a7}.Debug|Any CPU.Build.0 = Debug|Any CPU
		{04157680-1cd3-58b2-47d0-72d1beaccc9f}.Debug|Any CPU.ActiveCfg = Debug|Any CPU
		{04157680-1cd3-58b2-47d0-72d1beaccc9f}.Debug|Any CPU.Build.0 = Debug|Any CPU
		{92bb72c2-ea4b-5ac1-66d4-2589d6f686b9}.Debug|Any CPU.ActiveCfg = Debug|Any CPU
		{92bb72c2-ea4b-5ac1-66d4-2589d6f686b9}.Debug|Any CPU.Build.0 = Debug|Any CPU
		{5ca1efc4-1a45-c958-4e7a-2bb50ea1fd7f}.Debug|Any CPU.ActiveCfg = Debug|Any CPU
		{5ca1efc4-1a45-c958-4e7a-2bb50ea1fd7f}.Debug|Any CPU.Build.0 = Debug|Any CPU
		{2637cd58-91e6-b690-8d6a-8daf7cdc23e4}.Debug|Any CPU.ActiveCfg = Debug|Any CPU
		{2637cd58-91e6-b690-8d6a-8daf7cdc23e4}.Debug|Any CPU.Build.0 = Debug|Any CPU
		{25f731a9-c0ac-0533-d093-f490377576a2}.Debug|Any CPU.ActiveCfg = Debug|Any CPU
		{25f731a9-c0ac-0533-d093-f490377576a2}.Debug|Any CPU.Build.0 = Debug|Any CPU
		{6df3136c-bdf0-a23b-c196-37328a495e6c}.Debug|Any CPU.ActiveCfg = Debug|Any CPU
		{6df3136c-bdf0-a23b-c196-37328a495e6c}.Debug|Any CPU.Build.0 = Debug|Any CPU
		{45ae0c16-f2ba-9cda-23d7-9a1a7c3f12d0}.Debug|Any CPU.ActiveCfg = Debug|Any CPU
		{45ae0c16-f2ba-9cda-23d7-9a1a7c3f12d0}.Debug|Any CPU.Build.0 = Debug|Any CPU
		{405ba45a-e6cd-bea2-54c6-5fa0b089de4d}.Debug|Any CPU.ActiveCfg = Debug|Any CPU
		{405ba45a-e6cd-bea2-54c6-5fa0b089de4d}.Debug|Any CPU.Build.0 = Debug|Any CPU
		{b78fff9d-68d0-c248-f4b9-110285db90cf}.Debug|Any CPU.ActiveCfg = Debug|Any CPU
		{b78fff9d-68d0-c248-f4b9-110285db90cf}.Debug|Any CPU.Build.0 = Debug|Any CPU
		{5128503a-e53d-1ce4-7c00-db84c290f28c}.Debug|Any CPU.ActiveCfg = Debug|Any CPU
		{5128503a-e53d-1ce4-7c00-db84c290f28c}.Debug|Any CPU.Build.0 = Debug|Any CPU
		{8dad4248-5b37-d70f-28de-84aa818f6990}.Debug|Any CPU.ActiveCfg = Debug|Any CPU
		{8dad4248-5b37-d70f-28de-84aa818f6990}.Debug|Any CPU.Build.0 = Debug|Any CPU
		{05c452b0-c666-2f4e-d407-d6cfe9cdc589}.Debug|Any CPU.ActiveCfg = Debug|Any CPU
		{05c452b0-c666-2f4e-d407-d6cfe9cdc589}.Debug|Any CPU.Build.0 = Debug|Any CPU
		{318a80aa-86ad-ae86-5448-72c7239f5f6a}.Debug|Any CPU.ActiveCfg = Debug|Any CPU
		{318a80aa-86ad-ae86-5448-72c7239f5f6a}.Debug|Any CPU.Build.0 = Debug|Any CPU
		{6b96adb3-3b24-aee4-22f8-57d3ff655495}.Debug|Any CPU.ActiveCfg = Debug|Any CPU
		{6b96adb3-3b24-aee4-22f8-57d3ff655495}.Debug|Any CPU.Build.0 = Debug|Any CPU
		{f5270f01-e2a1-d6b6-e481-bed3765af546}.Debug|Any CPU.ActiveCfg = Debug|Any CPU
		{f5270f01-e2a1-d6b6-e481-bed3765af546}.Debug|Any CPU.Build.0 = Debug|Any CPU
		{193eb312-25e6-96e1-8b3c-3fd21aea9c6f}.Debug|Any CPU.ActiveCfg = Debug|Any CPU
		{193eb312-25e6-96e1-8b3c-3fd21aea9c6f}.Debug|Any CPU.Build.0 = Debug|Any CPU
		{34ca1fad-269d-7a38-f02e-c7c9043f1e10}.Debug|Any CPU.ActiveCfg = Debug|Any CPU
		{34ca1fad-269d-7a38-f02e-c7c9043f1e10}.Debug|Any CPU.Build.0 = Debug|Any CPU
		{c53eb0ca-a9b2-1a11-3736-c269b1fc8975}.Debug|Any CPU.ActiveCfg = Debug|Any CPU
		{c53eb0ca-a9b2-1a11-3736-c269b1fc8975}.Debug|Any CPU.Build.0 = Debug|Any CPU
		{b192b23c-2127-33b9-ffc9-7a42a8c82e0d}.Debug|Any CPU.ActiveCfg = Debug|Any CPU
		{b192b23c-2127-33b9-ffc9-7a42a8c82e0d}.Debug|Any CPU.Build.0 = Debug|Any CPU
		{e0b2503e-a690-bb4a-a25c-a995d0daefd8}.Debug|Any CPU.ActiveCfg = Debug|Any CPU
		{e0b2503e-a690-bb4a-a25c-a995d0daefd8}.Debug|Any CPU.Build.0 = Debug|Any CPU
		{3d784a5c-7d6d-0d8c-6e8f-3d969ccd8433}.Debug|Any CPU.ActiveCfg = Debug|Any CPU
		{3d784a5c-7d6d-0d8c-6e8f-3d969ccd8433}.Debug|Any CPU.Build.0 = Debug|Any CPU
		{8fee889b-4769-4248-f8e7-c08fb9eb1120}.Debug|Any CPU.ActiveCfg = Debug|Any CPU
		{8fee889b-4769-4248-f8e7-c08fb9eb1120}.Debug|Any CPU.Build.0 = Debug|Any CPU
		{a3e56a6e-f90d-bc95-0fbf-c801aca68d94}.Debug|Any CPU.ActiveCfg = Debug|Any CPU
		{a3e56a6e-f90d-bc95-0fbf-c801aca68d94}.Debug|Any CPU.Build.0 = Debug|Any CPU
		{1a73e106-6bec-269a-1b20-6c623476a6d0}.Debug|Any CPU.ActiveCfg = Debug|Any CPU
		{1a73e106-6bec-269a-1b20-6c623476a6d0}.Debug|Any CPU.Build.0 = Debug|Any CPU
		{db60e173-99af-a69c-e809-fba821ec3781}.Debug|Any CPU.ActiveCfg = Debug|Any CPU
		{db60e173-99af-a69c-e809-fba821ec3781}.Debug|Any CPU.Build.0 = Debug|Any CPU
		{b8a6df9b-c7d1-7478-5ac5-1c9da302a0f2}.Debug|Any CPU.ActiveCfg = Debug|Any CPU
		{b8a6df9b-c7d1-7478-5ac5-1c9da302a0f2}.Debug|Any CPU.Build.0 = Debug|Any CPU
		{3069f44f-eca6-96a7-7477-31489fde0c97}.Debug|Any CPU.ActiveCfg = Debug|Any CPU
		{3069f44f-eca6-96a7-7477-31489fde0c97}.Debug|Any CPU.Build.0 = Debug|Any CPU
		{6ae1188c-480c-2b04-0285-a0632cb556d4}.Debug|Any CPU.ActiveCfg = Debug|Any CPU
		{6ae1188c-480c-2b04-0285-a0632cb556d4}.Debug|Any CPU.Build.0 = Debug|Any CPU
		{e7acd304-43d7-3ae5-0d84-52e5513888f6}.Debug|Any CPU.ActiveCfg = Debug|Any CPU
		{e7acd304-43d7-3ae5-0d84-52e5513888f6}.Debug|Any CPU.Build.0 = Debug|Any CPU
		{6969022b-81f6-151e-5ce3-341f4cdf7c40}.Debug|Any CPU.ActiveCfg = Debug|Any CPU
		{6969022b-81f6-151e-5ce3-341f4cdf7c40}.Debug|Any CPU.Build.0 = Debug|Any CPU
		{85e1b4bf-b3c5-baf0-a9ed-8f4c7101fb58}.Debug|Any CPU.ActiveCfg = Debug|Any CPU
		{85e1b4bf-b3c5-baf0-a9ed-8f4c7101fb58}.Debug|Any CPU.Build.0 = Debug|Any CPU
		{e255b60f-51dc-7cc4-7932-9b24bea8552f}.Debug|Any CPU.ActiveCfg = Debug|Any CPU
		{e255b60f-51dc-7cc4-7932-9b24bea8552f}.Debug|Any CPU.Build.0 = Debug|Any CPU
		{5f92a143-075a-026d-a9d8-e62b1d272056}.Debug|Any CPU.ActiveCfg = Debug|Any CPU
		{5f92a143-075a-026d-a9d8-e62b1d272056}.Debug|Any CPU.Build.0 = Debug|Any CPU
		{30daff4c-630e-9e03-0dca-dac117ce2649}.Debug|Any CPU.ActiveCfg = Debug|Any CPU
		{30daff4c-630e-9e03-0dca-dac117ce2649}.Debug|Any CPU.Build.0 = Debug|Any CPU
		{51c7edee-6c1f-5b81-0e50-4c9071c7c2e0}.Debug|Any CPU.ActiveCfg = Debug|Any CPU
		{51c7edee-6c1f-5b81-0e50-4c9071c7c2e0}.Debug|Any CPU.Build.0 = Debug|Any CPU
		{2ee4a494-eb6f-96b4-4df4-28deb1e9becc}.Debug|Any CPU.ActiveCfg = Debug|Any CPU
		{2ee4a494-eb6f-96b4-4df4-28deb1e9becc}.Debug|Any CPU.Build.0 = Debug|Any CPU
		{40db3ce5-f91d-618a-5878-81243afdf805}.Debug|Any CPU.ActiveCfg = Debug|Any CPU
		{40db3ce5-f91d-618a-5878-81243afdf805}.Debug|Any CPU.Build.0 = Debug|Any CPU
		{6ed79c90-7bdd-7e69-5b82-ab2bfdc8ebab}.Debug|Any CPU.ActiveCfg = Debug|Any CPU
		{6ed79c90-7bdd-7e69-5b82-ab2bfdc8ebab}.Debug|Any CPU.Build.0 = Debug|Any CPU
		{c97b679c-d3ba-1c75-a104-8a3371317ca8}.Debug|Any CPU.ActiveCfg = Debug|Any CPU
		{c97b679c-d3ba-1c75-a104-8a3371317ca8}.Debug|Any CPU.Build.0 = Debug|Any CPU
		{cbb421d2-380a-bf22-fb58-dc3e455c2262}.Debug|Any CPU.ActiveCfg = Debug|Any CPU
		{cbb421d2-380a-bf22-fb58-dc3e455c2262}.Debug|Any CPU.Build.0 = Debug|Any CPU
		{0d22aee0-6761-5566-f1a1-47f50037369c}.Debug|Any CPU.ActiveCfg = Debug|Any CPU
		{0d22aee0-6761-5566-f1a1-47f50037369c}.Debug|Any CPU.Build.0 = Debug|Any CPU
		{876227bf-bea0-4ebc-c90b-32474909f373}.Debug|Any CPU.ActiveCfg = Debug|Any CPU
		{876227bf-bea0-4ebc-c90b-32474909f373}.Debug|Any CPU.Build.0 = Debug|Any CPU
		{258e97d4-5b63-32d3-e87a-3dd3474acdf8}.Debug|Any CPU.ActiveCfg = Debug|Any CPU
		{258e97d4-5b63-32d3-e87a-3dd3474acdf8}.Debug|Any CPU.Build.0 = Debug|Any CPU
		{2915282e-00e0-1f1c-ac8e-f17293af93f8}.Debug|Any CPU.ActiveCfg = Debug|Any CPU
		{2915282e-00e0-1f1c-ac8e-f17293af93f8}.Debug|Any CPU.Build.0 = Debug|Any CPU
		{bbb16937-6402-b1a7-6590-3af258607efc}.Debug|Any CPU.ActiveCfg = Debug|Any CPU
		{bbb16937-6402-b1a7-6590-3af258607efc}.Debug|Any CPU.Build.0 = Debug|Any CPU
		{0f9e0ed1-8797-45d0-6e9d-65249ef27913}.Debug|Any CPU.ActiveCfg = Debug|Any CPU
		{0f9e0ed1-8797-45d0-6e9d-65249ef27913}.Debug|Any CPU.Build.0 = Debug|Any CPU
		{df9045f6-0ad8-0c79-d11f-e4cd9699154b}.Debug|Any CPU.ActiveCfg = Debug|Any CPU
		{df9045f6-0ad8-0c79-d11f-e4cd9699154b}.Debug|Any CPU.Build.0 = Debug|Any CPU
		{bade7985-af1c-4793-392d-0661ad5074b5}.Debug|Any CPU.ActiveCfg = Debug|Any CPU
		{bade7985-af1c-4793-392d-0661ad5074b5}.Debug|Any CPU.Build.0 = Debug|Any CPU
		{ebd909e8-d316-a6b4-631b-53e414e91a7f}.Debug|Any CPU.ActiveCfg = Debug|Any CPU
		{ebd909e8-d316-a6b4-631b-53e414e91a7f}.Debug|Any CPU.Build.0 = Debug|Any CPU
		{bb7efa8a-093c-581d-fcd3-e4667db91baf}.Debug|Any CPU.ActiveCfg = Debug|Any CPU
		{bb7efa8a-093c-581d-fcd3-e4667db91baf}.Debug|Any CPU.Build.0 = Debug|Any CPU
		{7d456335-ad6c-6697-0b22-4cfee2334ddd}.Debug|Any CPU.ActiveCfg = Debug|Any CPU
		{7d456335-ad6c-6697-0b22-4cfee2334ddd}.Debug|Any CPU.Build.0 = Debug|Any CPU
	EndGlobalSection
	GlobalSection(SolutionProperties) = preSolution
		HideSolutionNode = FALSE
	EndGlobalSection
EndGlobal
