
Microsoft Visual Studio Solution File, Format Version 12.00
# Visual Studio 15
Project("{FAE04EC0-301F-11D3-BF4B-00C04F79EFBC}") = "UniTask", "UniTask.csproj", "{6A402CF5-0016-D4D9-8306-967578DEB673}"
EndProject
Project("{FAE04EC0-301F-11D3-BF4B-00C04F79EFBC}") = "UniTask.Linq", "UniTask.Linq.csproj", "{C92A1B4B-A677-A59E-CBE4-A1C88C84DBC9}"
EndProject
Project("{FAE04EC0-301F-11D3-BF4B-00C04F79EFBC}") = "GameMain", "GameMain.csproj", "{57E694DC-CE05-D716-805E-74DFC3666403}"
EndProject
Project("{FAE04EC0-301F-11D3-BF4B-00C04F79EFBC}") = "Module.Player", "Module.Player.csproj", "{6FD30E0D-E22C-5A07-A724-3B9C7F79FE3A}"
EndProject
Project("{FAE04EC0-301F-11D3-BF4B-00C04F79EFBC}") = "Module.Task", "Module.Task.csproj", "{DA3FCC37-98E4-925F-836D-5B9B39BD7F38}"
EndProject
Project("{FAE04EC0-301F-11D3-BF4B-00C04F79EFBC}") = "UniTask.DOTween", "UniTask.DOTween.csproj", "{E3166F79-216A-3D28-735D-497007F46C22}"
EndProject
Project("{FAE04EC0-301F-11D3-BF4B-00C04F79EFBC}") = "NavMeshComponentsTestsPlaymode", "NavMeshComponentsTestsPlaymode.csproj", "{0C07C5B0-B470-97F4-935B-7A8019A9B256}"
EndProject
Project("{FAE04EC0-301F-11D3-BF4B-00C04F79EFBC}") = "Core.Input", "Core.Input.csproj", "{3FADF5DA-5BBD-4E7A-BACA-0E006F668F89}"
EndProject
Project("{FAE04EC0-301F-11D3-BF4B-00C04F79EFBC}") = "GameProgress", "GameProgress.csproj", "{263D8DAF-69B9-A983-5C20-557E066D127A}"
EndProject
Project("{FAE04EC0-301F-11D3-BF4B-00C04F79EFBC}") = "Core.Utility", "Core.Utility.csproj", "{5B86E0D2-7B65-A942-C964-7CE50668B0F1}"
EndProject
Project("{FAE04EC0-301F-11D3-BF4B-00C04F79EFBC}") = "UI", "UI.csproj", "{7EF63613-3D7B-9F0B-6F78-61C92A6B5411}"
EndProject
Project("{FAE04EC0-301F-11D3-BF4B-00C04F79EFBC}") = "Module.Worker", "Module.Worker.csproj", "{5482CCF9-AD9B-3256-70B8-E953ED383C59}"
EndProject
Project("{FAE04EC0-301F-11D3-BF4B-00C04F79EFBC}") = "Core.NavMesh", "Core.NavMesh.csproj", "{07738B94-82F7-2438-5EDE-B9C5F045D86E}"
EndProject
Project("{FAE04EC0-301F-11D3-BF4B-00C04F79EFBC}") = "Core.Model", "Core.Model.csproj", "{A94BBC0A-8531-9822-7F31-1306D9009A99}"
EndProject
Project("{FAE04EC0-301F-11D3-BF4B-00C04F79EFBC}") = "NavMeshComponents", "NavMeshComponents.csproj", "{0C16AC91-8F34-4593-4A88-353B27989F40}"
EndProject
Project("{FAE04EC0-301F-11D3-BF4B-00C04F79EFBC}") = "Debug", "Debug.csproj", "{14D3222B-D8E4-31C6-7E91-6361E17007AC}"
EndProject
Project("{FAE04EC0-301F-11D3-BF4B-00C04F79EFBC}") = "UniTask.Addressables", "UniTask.Addressables.csproj", "{80761504-D31C-B258-47D0-72D1BEACCC9F}"
EndProject
Project("{FAE04EC0-301F-11D3-BF4B-00C04F79EFBC}") = "Core.Parameter", "Core.Parameter.csproj", "{C272BB92-4BEA-C15A-66D4-2589D6F686B9}"
EndProject
Project("{FAE04EC0-301F-11D3-BF4B-00C04F79EFBC}") = "UniTask.TextMeshPro", "UniTask.TextMeshPro.csproj", "{58CD3726-E691-90B6-8D6A-8DAF7CDC23E4}"
EndProject
Project("{FAE04EC0-301F-11D3-BF4B-00C04F79EFBC}") = "UniTask.Editor", "UniTask.Editor.csproj", "{06E1731A-EC6B-9A26-1B20-6C623476A6D0}"
EndProject
Project("{FAE04EC0-301F-11D3-BF4B-00C04F79EFBC}") = "NavMeshComponentsTestsEditmode", "NavMeshComponentsTestsEditmode.csproj", "{73E160DB-AF99-9CA6-E809-FBA821EC3781}"
EndProject
Project("{FAE04EC0-301F-11D3-BF4B-00C04F79EFBC}") = "Editor", "Editor.csproj", "{4FF46930-A6EC-A796-7477-31489FDE0C97}"
EndProject
Project("{FAE04EC0-301F-11D3-BF4B-00C04F79EFBC}") = "NavMeshComponentsEditor", "NavMeshComponentsEditor.csproj", "{8C18E16A-0C48-042B-0285-A0632CB556D4}"
EndProject
Global
	GlobalSection(SolutionConfigurationPlatforms) = preSolution
		Debug|Any CPU = Debug|Any CPU
		Release|Any CPU = Release|Any CPU
	EndGlobalSection
	GlobalSection(ProjectConfigurationPlatforms) = postSolution
		{6A402CF5-0016-D4D9-8306-967578DEB673}.Debug|Any CPU.ActiveCfg = Debug|Any CPU
		{6A402CF5-0016-D4D9-8306-967578DEB673}.Debug|Any CPU.Build.0 = Debug|Any CPU
		{6A402CF5-0016-D4D9-8306-967578DEB673}.Release|Any CPU.ActiveCfg = Release|Any CPU
		{6A402CF5-0016-D4D9-8306-967578DEB673}.Release|Any CPU.Build.0 = Release|Any CPU
		{C92A1B4B-A677-A59E-CBE4-A1C88C84DBC9}.Debug|Any CPU.ActiveCfg = Debug|Any CPU
		{C92A1B4B-A677-A59E-CBE4-A1C88C84DBC9}.Debug|Any CPU.Build.0 = Debug|Any CPU
		{C92A1B4B-A677-A59E-CBE4-A1C88C84DBC9}.Release|Any CPU.ActiveCfg = Release|Any CPU
		{C92A1B4B-A677-A59E-CBE4-A1C88C84DBC9}.Release|Any CPU.Build.0 = Release|Any CPU
		{57E694DC-CE05-D716-805E-74DFC3666403}.Debug|Any CPU.ActiveCfg = Debug|Any CPU
		{57E694DC-CE05-D716-805E-74DFC3666403}.Debug|Any CPU.Build.0 = Debug|Any CPU
		{57E694DC-CE05-D716-805E-74DFC3666403}.Release|Any CPU.ActiveCfg = Release|Any CPU
		{57E694DC-CE05-D716-805E-74DFC3666403}.Release|Any CPU.Build.0 = Release|Any CPU
		{6FD30E0D-E22C-5A07-A724-3B9C7F79FE3A}.Debug|Any CPU.ActiveCfg = Debug|Any CPU
		{6FD30E0D-E22C-5A07-A724-3B9C7F79FE3A}.Debug|Any CPU.Build.0 = Debug|Any CPU
		{6FD30E0D-E22C-5A07-A724-3B9C7F79FE3A}.Release|Any CPU.ActiveCfg = Release|Any CPU
		{6FD30E0D-E22C-5A07-A724-3B9C7F79FE3A}.Release|Any CPU.Build.0 = Release|Any CPU
		{DA3FCC37-98E4-925F-836D-5B9B39BD7F38}.Debug|Any CPU.ActiveCfg = Debug|Any CPU
		{DA3FCC37-98E4-925F-836D-5B9B39BD7F38}.Debug|Any CPU.Build.0 = Debug|Any CPU
		{DA3FCC37-98E4-925F-836D-5B9B39BD7F38}.Release|Any CPU.ActiveCfg = Release|Any CPU
		{DA3FCC37-98E4-925F-836D-5B9B39BD7F38}.Release|Any CPU.Build.0 = Release|Any CPU
		{E3166F79-216A-3D28-735D-497007F46C22}.Debug|Any CPU.ActiveCfg = Debug|Any CPU
		{E3166F79-216A-3D28-735D-497007F46C22}.Debug|Any CPU.Build.0 = Debug|Any CPU
		{E3166F79-216A-3D28-735D-497007F46C22}.Release|Any CPU.ActiveCfg = Release|Any CPU
		{E3166F79-216A-3D28-735D-497007F46C22}.Release|Any CPU.Build.0 = Release|Any CPU
		{0C07C5B0-B470-97F4-935B-7A8019A9B256}.Debug|Any CPU.ActiveCfg = Debug|Any CPU
		{0C07C5B0-B470-97F4-935B-7A8019A9B256}.Debug|Any CPU.Build.0 = Debug|Any CPU
		{0C07C5B0-B470-97F4-935B-7A8019A9B256}.Release|Any CPU.ActiveCfg = Release|Any CPU
		{0C07C5B0-B470-97F4-935B-7A8019A9B256}.Release|Any CPU.Build.0 = Release|Any CPU
		{3FADF5DA-5BBD-4E7A-BACA-0E006F668F89}.Debug|Any CPU.ActiveCfg = Debug|Any CPU
		{3FADF5DA-5BBD-4E7A-BACA-0E006F668F89}.Debug|Any CPU.Build.0 = Debug|Any CPU
		{3FADF5DA-5BBD-4E7A-BACA-0E006F668F89}.Release|Any CPU.ActiveCfg = Release|Any CPU
		{3FADF5DA-5BBD-4E7A-BACA-0E006F668F89}.Release|Any CPU.Build.0 = Release|Any CPU
		{263D8DAF-69B9-A983-5C20-557E066D127A}.Debug|Any CPU.ActiveCfg = Debug|Any CPU
		{263D8DAF-69B9-A983-5C20-557E066D127A}.Debug|Any CPU.Build.0 = Debug|Any CPU
		{263D8DAF-69B9-A983-5C20-557E066D127A}.Release|Any CPU.ActiveCfg = Release|Any CPU
		{263D8DAF-69B9-A983-5C20-557E066D127A}.Release|Any CPU.Build.0 = Release|Any CPU
		{5B86E0D2-7B65-A942-C964-7CE50668B0F1}.Debug|Any CPU.ActiveCfg = Debug|Any CPU
		{5B86E0D2-7B65-A942-C964-7CE50668B0F1}.Debug|Any CPU.Build.0 = Debug|Any CPU
		{5B86E0D2-7B65-A942-C964-7CE50668B0F1}.Release|Any CPU.ActiveCfg = Release|Any CPU
		{5B86E0D2-7B65-A942-C964-7CE50668B0F1}.Release|Any CPU.Build.0 = Release|Any CPU
		{7EF63613-3D7B-9F0B-6F78-61C92A6B5411}.Debug|Any CPU.ActiveCfg = Debug|Any CPU
		{7EF63613-3D7B-9F0B-6F78-61C92A6B5411}.Debug|Any CPU.Build.0 = Debug|Any CPU
		{7EF63613-3D7B-9F0B-6F78-61C92A6B5411}.Release|Any CPU.ActiveCfg = Release|Any CPU
		{7EF63613-3D7B-9F0B-6F78-61C92A6B5411}.Release|Any CPU.Build.0 = Release|Any CPU
		{5482CCF9-AD9B-3256-70B8-E953ED383C59}.Debug|Any CPU.ActiveCfg = Debug|Any CPU
		{5482CCF9-AD9B-3256-70B8-E953ED383C59}.Debug|Any CPU.Build.0 = Debug|Any CPU
		{5482CCF9-AD9B-3256-70B8-E953ED383C59}.Release|Any CPU.ActiveCfg = Release|Any CPU
		{5482CCF9-AD9B-3256-70B8-E953ED383C59}.Release|Any CPU.Build.0 = Release|Any CPU
		{07738B94-82F7-2438-5EDE-B9C5F045D86E}.Debug|Any CPU.ActiveCfg = Debug|Any CPU
		{07738B94-82F7-2438-5EDE-B9C5F045D86E}.Debug|Any CPU.Build.0 = Debug|Any CPU
		{07738B94-82F7-2438-5EDE-B9C5F045D86E}.Release|Any CPU.ActiveCfg = Release|Any CPU
		{07738B94-82F7-2438-5EDE-B9C5F045D86E}.Release|Any CPU.Build.0 = Release|Any CPU
		{A94BBC0A-8531-9822-7F31-1306D9009A99}.Debug|Any CPU.ActiveCfg = Debug|Any CPU
		{A94BBC0A-8531-9822-7F31-1306D9009A99}.Debug|Any CPU.Build.0 = Debug|Any CPU
		{A94BBC0A-8531-9822-7F31-1306D9009A99}.Release|Any CPU.ActiveCfg = Release|Any CPU
		{A94BBC0A-8531-9822-7F31-1306D9009A99}.Release|Any CPU.Build.0 = Release|Any CPU
		{0C16AC91-8F34-4593-4A88-353B27989F40}.Debug|Any CPU.ActiveCfg = Debug|Any CPU
		{0C16AC91-8F34-4593-4A88-353B27989F40}.Debug|Any CPU.Build.0 = Debug|Any CPU
		{0C16AC91-8F34-4593-4A88-353B27989F40}.Release|Any CPU.ActiveCfg = Release|Any CPU
		{0C16AC91-8F34-4593-4A88-353B27989F40}.Release|Any CPU.Build.0 = Release|Any CPU
		{14D3222B-D8E4-31C6-7E91-6361E17007AC}.Debug|Any CPU.ActiveCfg = Debug|Any CPU
		{14D3222B-D8E4-31C6-7E91-6361E17007AC}.Debug|Any CPU.Build.0 = Debug|Any CPU
		{14D3222B-D8E4-31C6-7E91-6361E17007AC}.Release|Any CPU.ActiveCfg = Release|Any CPU
		{14D3222B-D8E4-31C6-7E91-6361E17007AC}.Release|Any CPU.Build.0 = Release|Any CPU
		{80761504-D31C-B258-47D0-72D1BEACCC9F}.Debug|Any CPU.ActiveCfg = Debug|Any CPU
		{80761504-D31C-B258-47D0-72D1BEACCC9F}.Debug|Any CPU.Build.0 = Debug|Any CPU
		{80761504-D31C-B258-47D0-72D1BEACCC9F}.Release|Any CPU.ActiveCfg = Release|Any CPU
		{80761504-D31C-B258-47D0-72D1BEACCC9F}.Release|Any CPU.Build.0 = Release|Any CPU
		{C272BB92-4BEA-C15A-66D4-2589D6F686B9}.Debug|Any CPU.ActiveCfg = Debug|Any CPU
		{C272BB92-4BEA-C15A-66D4-2589D6F686B9}.Debug|Any CPU.Build.0 = Debug|Any CPU
		{C272BB92-4BEA-C15A-66D4-2589D6F686B9}.Release|Any CPU.ActiveCfg = Release|Any CPU
		{C272BB92-4BEA-C15A-66D4-2589D6F686B9}.Release|Any CPU.Build.0 = Release|Any CPU
		{58CD3726-E691-90B6-8D6A-8DAF7CDC23E4}.Debug|Any CPU.ActiveCfg = Debug|Any CPU
		{58CD3726-E691-90B6-8D6A-8DAF7CDC23E4}.Debug|Any CPU.Build.0 = Debug|Any CPU
		{58CD3726-E691-90B6-8D6A-8DAF7CDC23E4}.Release|Any CPU.ActiveCfg = Release|Any CPU
		{58CD3726-E691-90B6-8D6A-8DAF7CDC23E4}.Release|Any CPU.Build.0 = Release|Any CPU
		{06E1731A-EC6B-9A26-1B20-6C623476A6D0}.Debug|Any CPU.ActiveCfg = Debug|Any CPU
		{06E1731A-EC6B-9A26-1B20-6C623476A6D0}.Debug|Any CPU.Build.0 = Debug|Any CPU
		{06E1731A-EC6B-9A26-1B20-6C623476A6D0}.Release|Any CPU.ActiveCfg = Release|Any CPU
		{06E1731A-EC6B-9A26-1B20-6C623476A6D0}.Release|Any CPU.Build.0 = Release|Any CPU
		{73E160DB-AF99-9CA6-E809-FBA821EC3781}.Debug|Any CPU.ActiveCfg = Debug|Any CPU
		{73E160DB-AF99-9CA6-E809-FBA821EC3781}.Debug|Any CPU.Build.0 = Debug|Any CPU
		{73E160DB-AF99-9CA6-E809-FBA821EC3781}.Release|Any CPU.ActiveCfg = Release|Any CPU
		{73E160DB-AF99-9CA6-E809-FBA821EC3781}.Release|Any CPU.Build.0 = Release|Any CPU
		{4FF46930-A6EC-A796-7477-31489FDE0C97}.Debug|Any CPU.ActiveCfg = Debug|Any CPU
		{4FF46930-A6EC-A796-7477-31489FDE0C97}.Debug|Any CPU.Build.0 = Debug|Any CPU
		{4FF46930-A6EC-A796-7477-31489FDE0C97}.Release|Any CPU.ActiveCfg = Release|Any CPU
		{4FF46930-A6EC-A796-7477-31489FDE0C97}.Release|Any CPU.Build.0 = Release|Any CPU
		{8C18E16A-0C48-042B-0285-A0632CB556D4}.Debug|Any CPU.ActiveCfg = Debug|Any CPU
		{8C18E16A-0C48-042B-0285-A0632CB556D4}.Debug|Any CPU.Build.0 = Debug|Any CPU
		{8C18E16A-0C48-042B-0285-A0632CB556D4}.Release|Any CPU.ActiveCfg = Release|Any CPU
		{8C18E16A-0C48-042B-0285-A0632CB556D4}.Release|Any CPU.Build.0 = Release|Any CPU
	EndGlobalSection
	GlobalSection(SolutionProperties) = preSolution
		HideSolutionNode = FALSE
	EndGlobalSection
EndGlobal
